{
  "nodes": {
    "nixpkgs": {
      "locked": {
        "lastModified": 1776548001,
        "narHash": "sha256-ZSK0NL4a1BwVbbTBoSnWgbJy9HeZFXLYQizjb2DPF24=",
        "rev": "b12141ef619e0a9c1c84dc8c684040326f27cdcc",
        "revCount": 982522,
        "type": "tarball",
        "url": "https://api.flakehub.com/f/pinned/NixOS/nixpkgs/0.1.982522%2Brev-b12141ef619e0a9c1c84dc8c684040326f27cdcc/019dac49-3fcc-79b0-85fb-7ee694b1cf62/source.tar.gz"
      },
      "original": {
        "type": "tarball",
        "url": "https://flakehub.com/f/NixOS/nixpkgs/0.1"
      }
    },
    "root": {
      "inputs": {
        "nixpkgs": "nixpkgs"
      }
    }
  },
  "root": "root",
  "version": 7
}
