{
  "nodes": {
    "nixpkgs": {
      "locked": {
        "lastModified": 1774386573,
        "narHash": "sha256-4hAV26quOxdC6iyG7kYaZcM3VOskcPUrdCQd/nx8obc=",
        "rev": "46db2e09e1d3f113a13c0d7b81e2f221c63b8ce9",
        "revCount": 969196,
        "type": "tarball",
        "url": "https://api.flakehub.com/f/pinned/NixOS/nixpkgs/0.1.969196%2Brev-46db2e09e1d3f113a13c0d7b81e2f221c63b8ce9/019d279e-af65-79ce-92be-5dee7b1e36d4/source.tar.gz"
      },
      "original": {
        "type": "tarball",
        "url": "https://flakehub.com/f/NixOS/nixpkgs/0.1"
      }
    },
    "root": {
      "inputs": {
        "nixpkgs": "nixpkgs"
      }
    }
  },
  "root": "root",
  "version": 7
}
