{
  "nodes": {
    "fenix": {
      "inputs": {
        "nixpkgs": [
          "nixpkgs"
        ],
        "rust-analyzer-src": "rust-analyzer-src"
      },
      "locked": {
        "lastModified": 1789124234,
        "narHash": "sha256-dIL6Pb9TBY7XKO0PVbyDJ4Oqp2lmaJGYPhDaWa81KPs=",
        "owner": "nix-community",
        "repo": "fenix",
        "rev": "2c14a45061976dbaa60b2a2b309d6be8f3c33fb8",
        "type": "github"
      },
      "original": {
        "owner": "nix-community",
        "repo": "fenix",
        "type": "github"
      }
    },
    "nixpkgs": {
      "locked": {
        "lastModified": 1789006805,
        "narHash": "sha256-xB8mKMOx1IA9vTDNLmJZ6n4wCMq/cuWBBOzGCRnqxrU=",
        "rev": "8ce4ef6cb6f871616146b9fe26d2a5ae594e94fe",
        "revCount": 1070770,
        "type": "tarball",
        "url": "https://api.flakehub.com/f/pinned/NixOS/nixpkgs/0.1.1070770%2Brev-8ce4ef6cb6f871616146b9fe26d2a5ae594e94fe/01a08a9d-0319-7011-9335-3ce05f6c241f/source.tar.gz"
      },
      "original": {
        "type": "tarball",
        "url": "https://flakehub.com/f/NixOS/nixpkgs/0.1"
      }
    },
    "root": {
      "inputs": {
        "fenix": "fenix",
        "nixpkgs": "nixpkgs"
      }
    },
    "rust-analyzer-src": {
      "flake": false,
      "locked": {
        "lastModified": 1789037220,
        "narHash": "sha256-8DckQQSsLUgCgkc4L0HzuahirRCCnEjOGnj/4mjf3U0=",
        "owner": "rust-lang",
        "repo": "rust-analyzer",
        "rev": "a879a4cbadc3bd3489ac05d529a2843c294c75fc",
        "type": "github"
      },
      "original": {
        "owner": "rust-lang",
        "ref": "nightly",
        "repo": "rust-analyzer",
        "type": "github"
      }
    }
  },
  "root": "root",
  "version": 7
}
