{
  "nodes": {
    "fenix": {
      "inputs": {
        "nixpkgs": [
          "nixpkgs"
        ],
        "rust-analyzer-src": "rust-analyzer-src"
      },
      "locked": {
        "lastModified": 1791026615,
        "narHash": "sha256-F1kbChHSEQ9rnMWvH2lc7RxE2TUzqObA797b5oWKTQM=",
        "owner": "nix-community",
        "repo": "fenix",
        "rev": "24ce8305b35f9f0351d87c4ad939500228678ac6",
        "type": "github"
      },
      "original": {
        "owner": "nix-community",
        "repo": "fenix",
        "type": "github"
      }
    },
    "nixpkgs": {
      "locked": {
        "lastModified": 1790822859,
        "narHash": "sha256-69xHQhAeMAD2wDXO7T2pcOZIF9Sga2W+JkmY2a11Ops=",
        "rev": "c59305bab2065cfecc4944690d9eedbb56f3a9fa",
        "revCount": 1083223,
        "type": "tarball",
        "url": "https://api.flakehub.com/f/pinned/NixOS/nixpkgs/0.1.1083223%2Brev-c59305bab2065cfecc4944690d9eedbb56f3a9fa/01a0f7ef-16af-76d0-a080-65d8f4749119/source.tar.gz"
      },
      "original": {
        "type": "tarball",
        "url": "https://flakehub.com/f/NixOS/nixpkgs/0.1"
      }
    },
    "root": {
      "inputs": {
        "fenix": "fenix",
        "nixpkgs": "nixpkgs"
      }
    },
    "rust-analyzer-src": {
      "flake": false,
      "locked": {
        "lastModified": 1790945856,
        "narHash": "sha256-NFVMI5fBIijd+xVkz6+Ab8GxZOB964b8s00DDFjBtP8=",
        "owner": "rust-lang",
        "repo": "rust-analyzer",
        "rev": "cdc4aa0a6142ff7cda91dae5ae373792d81c522c",
        "type": "github"
      },
      "original": {
        "owner": "rust-lang",
        "ref": "nightly",
        "repo": "rust-analyzer",
        "type": "github"
      }
    }
  },
  "root": "root",
  "version": 7
}
